
Microsoft Visual Studio Solution File, Format Version 12.00
Project("{2150E333-8FDC-42A3-9474-1A3956D46DE8}") = "src", "src", "{1CA3C122-4301-45F8-9580-4041BB1114C3}"
EndProject
Project("{FAE04EC0-301F-11D3-BF4B-00C04F79EFBC}") = "HueMicIndicator", "src\HueMicIndicator\HueMicIndicator.csproj", "{C4B51816-EF21-4B3F-92A9-99B104F9D7EB}"
EndProject
Project("{FAE04EC0-301F-11D3-BF4B-00C04F79EFBC}") = "HueMicIndicator.Hue", "src\HueMicIndicator.Hue\HueMicIndicator.Hue.csproj", "{1DB4D22A-94B4-4D0E-9E10-0D37D5C64BF2}"
EndProject
Project("{FAE04EC0-301F-11D3-BF4B-00C04F79EFBC}") = "HueMicIndicator.Mic", "src\HueMicIndicator.Mic\HueMicIndicator.Mic.csproj", "{3924E484-457A-4AA1-BF1F-6E24FEE025FD}"
EndProject
Project("{2150E333-8FDC-42A3-9474-1A3956D46DE8}") = "Solution Items", "Solution Items", "{2E715FF9-42F0-4D48-92CC-A4DEB9FEA56A}"
	ProjectSection(SolutionItems) = preProject
		Directory.Build.props = Directory.Build.props
	EndProjectSection
EndProject
Global
	GlobalSection(SolutionConfigurationPlatforms) = preSolution
		Debug|Any CPU = Debug|Any CPU
		Release|Any CPU = Release|Any CPU
	EndGlobalSection
	GlobalSection(ProjectConfigurationPlatforms) = postSolution
		{C4B51816-EF21-4B3F-92A9-99B104F9D7EB}.Debug|Any CPU.ActiveCfg = Debug|Any CPU
		{C4B51816-EF21-4B3F-92A9-99B104F9D7EB}.Debug|Any CPU.Build.0 = Debug|Any CPU
		{C4B51816-EF21-4B3F-92A9-99B104F9D7EB}.Release|Any CPU.ActiveCfg = Release|Any CPU
		{C4B51816-EF21-4B3F-92A9-99B104F9D7EB}.Release|Any CPU.Build.0 = Release|Any CPU
		{1DB4D22A-94B4-4D0E-9E10-0D37D5C64BF2}.Debug|Any CPU.ActiveCfg = Debug|Any CPU
		{1DB4D22A-94B4-4D0E-9E10-0D37D5C64BF2}.Debug|Any CPU.Build.0 = Debug|Any CPU
		{1DB4D22A-94B4-4D0E-9E10-0D37D5C64BF2}.Release|Any CPU.ActiveCfg = Release|Any CPU
		{1DB4D22A-94B4-4D0E-9E10-0D37D5C64BF2}.Release|Any CPU.Build.0 = Release|Any CPU
		{3924E484-457A-4AA1-BF1F-6E24FEE025FD}.Debug|Any CPU.ActiveCfg = Debug|Any CPU
		{3924E484-457A-4AA1-BF1F-6E24FEE025FD}.Debug|Any CPU.Build.0 = Debug|Any CPU
		{3924E484-457A-4AA1-BF1F-6E24FEE025FD}.Release|Any CPU.ActiveCfg = Release|Any CPU
		{3924E484-457A-4AA1-BF1F-6E24FEE025FD}.Release|Any CPU.Build.0 = Release|Any CPU
	EndGlobalSection
	GlobalSection(NestedProjects) = preSolution
		{C4B51816-EF21-4B3F-92A9-99B104F9D7EB} = {1CA3C122-4301-45F8-9580-4041BB1114C3}
		{1DB4D22A-94B4-4D0E-9E10-0D37D5C64BF2} = {1CA3C122-4301-45F8-9580-4041BB1114C3}
		{3924E484-457A-4AA1-BF1F-6E24FEE025FD} = {1CA3C122-4301-45F8-9580-4041BB1114C3}
	EndGlobalSection
EndGlobal
