
Microsoft Visual Studio Solution File, Format Version 12.00
Project("{2150E333-8FDC-42A3-9474-1A3956D46DE8}") = "src", "src", "{BFD0C49B-6EDC-4A53-A6E9-583A71720FEC}"
EndProject
Project("{FAE04EC0-301F-11D3-BF4B-00C04F79EFBC}") = "Mutey", "src\Mutey\Mutey.csproj", "{C4C9587F-321D-4EF2-8B27-594AA7F51049}"
EndProject
Project("{2150E333-8FDC-42A3-9474-1A3956D46DE8}") = "Solution Items", "Solution Items", "{E9C016B9-515F-4D8A-B5A4-B95B2DEACCF6}"
ProjectSection(SolutionItems) = preProject
	README.md = README.md
	Directory.Build.props = Directory.Build.props
EndProjectSection
EndProject
Project("{2150E333-8FDC-42A3-9474-1A3956D46DE8}") = "Hue", "Hue", "{A3E3DE85-B1B5-4175-8CB5-209ECBC52D1F}"
EndProject
Project("{2150E333-8FDC-42A3-9474-1A3956D46DE8}") = "test", "test", "{B2BF2FEE-319E-4E29-BFB6-1D4CE1BB2331}"
	ProjectSection(SolutionItems) = preProject
		test\Directory.Build.props = test\Directory.Build.props
	EndProjectSection
EndProject
Project("{2150E333-8FDC-42A3-9474-1A3956D46DE8}") = "Hue", "Hue", "{C92FD036-12F4-4298-A11A-C1C060BB551D}"
EndProject
Project("{FAE04EC0-301F-11D3-BF4B-00C04F79EFBC}") = "Mutey.Hue.Client.Test", "test\Hue\Mutey.Hue.Client.Test\Mutey.Hue.Client.Test.csproj", "{4D65AE22-0571-4B4E-82C0-415F795B406D}"
EndProject
Project("{FAE04EC0-301F-11D3-BF4B-00C04F79EFBC}") = "Mutey.Hue", "src\Hue\Mutey.Hue\Mutey.Hue.csproj", "{2EE3118A-7E2B-402C-9A94-7130244200EE}"
EndProject
Project("{FAE04EC0-301F-11D3-BF4B-00C04F79EFBC}") = "Mutey.Hue.Client", "src\Hue\Mutey.Hue.Client\Mutey.Hue.Client.csproj", "{7A678E3D-65AB-4BC6-BEAF-226148107394}"
EndProject
Project("{FAE04EC0-301F-11D3-BF4B-00C04F79EFBC}") = "Mutey.Hue.Mic", "src\Hue\Mutey.Hue.Mic\Mutey.Hue.Mic.csproj", "{9396F669-1104-477A-A9E3-4C0A85D87030}"
EndProject
Project("{2150E333-8FDC-42A3-9474-1A3956D46DE8}") = "Hardware", "Hardware", "{837D403C-6ADA-4D4D-B8B5-AB2CE3DACABA}"
EndProject
Project("{FAE04EC0-301F-11D3-BF4B-00C04F79EFBC}") = "Mutey.Hardware", "src\Hardware\Mutey.Hardware\Mutey.Hardware.csproj", "{B611742C-FD08-4A36-BA0C-E35CCEA146EC}"
EndProject
Project("{FAE04EC0-301F-11D3-BF4B-00C04F79EFBC}") = "Mutey.Core", "src\Mutey.Core\Mutey.Core.csproj", "{AD75FC3D-3288-4BDD-BE0C-20479957C490}"
EndProject
Project("{FAE04EC0-301F-11D3-BF4B-00C04F79EFBC}") = "Mutey.Core.Test", "test\Mutey.Core.Test\Mutey.Core.Test.csproj", "{03C57675-5C92-41BD-A920-2D85CAA53510}"
EndProject
Project("{FAE04EC0-301F-11D3-BF4B-00C04F79EFBC}") = "Mutey.Hardware.Serial", "src\Hardware\Mutey.Hardware.Serial\Mutey.Hardware.Serial.csproj", "{58ABB688-48A7-4F12-874A-34288F1B27DF}"
EndProject
Global
	GlobalSection(SolutionConfigurationPlatforms) = preSolution
		Debug|Any CPU = Debug|Any CPU
		Release|Any CPU = Release|Any CPU
	EndGlobalSection
	GlobalSection(NestedProjects) = preSolution
		{C4C9587F-321D-4EF2-8B27-594AA7F51049} = {BFD0C49B-6EDC-4A53-A6E9-583A71720FEC}
		{A3E3DE85-B1B5-4175-8CB5-209ECBC52D1F} = {BFD0C49B-6EDC-4A53-A6E9-583A71720FEC}
		{C92FD036-12F4-4298-A11A-C1C060BB551D} = {B2BF2FEE-319E-4E29-BFB6-1D4CE1BB2331}
		{4D65AE22-0571-4B4E-82C0-415F795B406D} = {C92FD036-12F4-4298-A11A-C1C060BB551D}
		{2EE3118A-7E2B-402C-9A94-7130244200EE} = {A3E3DE85-B1B5-4175-8CB5-209ECBC52D1F}
		{7A678E3D-65AB-4BC6-BEAF-226148107394} = {A3E3DE85-B1B5-4175-8CB5-209ECBC52D1F}
		{9396F669-1104-477A-A9E3-4C0A85D87030} = {A3E3DE85-B1B5-4175-8CB5-209ECBC52D1F}
		{837D403C-6ADA-4D4D-B8B5-AB2CE3DACABA} = {BFD0C49B-6EDC-4A53-A6E9-583A71720FEC}
		{B611742C-FD08-4A36-BA0C-E35CCEA146EC} = {837D403C-6ADA-4D4D-B8B5-AB2CE3DACABA}
		{AD75FC3D-3288-4BDD-BE0C-20479957C490} = {BFD0C49B-6EDC-4A53-A6E9-583A71720FEC}
		{03C57675-5C92-41BD-A920-2D85CAA53510} = {B2BF2FEE-319E-4E29-BFB6-1D4CE1BB2331}
		{58ABB688-48A7-4F12-874A-34288F1B27DF} = {837D403C-6ADA-4D4D-B8B5-AB2CE3DACABA}
	EndGlobalSection
	GlobalSection(ProjectConfigurationPlatforms) = postSolution
		{C4C9587F-321D-4EF2-8B27-594AA7F51049}.Debug|Any CPU.ActiveCfg = Debug|Any CPU
		{C4C9587F-321D-4EF2-8B27-594AA7F51049}.Debug|Any CPU.Build.0 = Debug|Any CPU
		{C4C9587F-321D-4EF2-8B27-594AA7F51049}.Release|Any CPU.ActiveCfg = Release|Any CPU
		{C4C9587F-321D-4EF2-8B27-594AA7F51049}.Release|Any CPU.Build.0 = Release|Any CPU
		{4D65AE22-0571-4B4E-82C0-415F795B406D}.Debug|Any CPU.ActiveCfg = Debug|Any CPU
		{4D65AE22-0571-4B4E-82C0-415F795B406D}.Debug|Any CPU.Build.0 = Debug|Any CPU
		{4D65AE22-0571-4B4E-82C0-415F795B406D}.Release|Any CPU.ActiveCfg = Release|Any CPU
		{4D65AE22-0571-4B4E-82C0-415F795B406D}.Release|Any CPU.Build.0 = Release|Any CPU
		{2EE3118A-7E2B-402C-9A94-7130244200EE}.Debug|Any CPU.ActiveCfg = Debug|Any CPU
		{2EE3118A-7E2B-402C-9A94-7130244200EE}.Debug|Any CPU.Build.0 = Debug|Any CPU
		{2EE3118A-7E2B-402C-9A94-7130244200EE}.Release|Any CPU.ActiveCfg = Release|Any CPU
		{2EE3118A-7E2B-402C-9A94-7130244200EE}.Release|Any CPU.Build.0 = Release|Any CPU
		{7A678E3D-65AB-4BC6-BEAF-226148107394}.Debug|Any CPU.ActiveCfg = Debug|Any CPU
		{7A678E3D-65AB-4BC6-BEAF-226148107394}.Debug|Any CPU.Build.0 = Debug|Any CPU
		{7A678E3D-65AB-4BC6-BEAF-226148107394}.Release|Any CPU.ActiveCfg = Release|Any CPU
		{7A678E3D-65AB-4BC6-BEAF-226148107394}.Release|Any CPU.Build.0 = Release|Any CPU
		{9396F669-1104-477A-A9E3-4C0A85D87030}.Debug|Any CPU.ActiveCfg = Debug|Any CPU
		{9396F669-1104-477A-A9E3-4C0A85D87030}.Debug|Any CPU.Build.0 = Debug|Any CPU
		{9396F669-1104-477A-A9E3-4C0A85D87030}.Release|Any CPU.ActiveCfg = Release|Any CPU
		{9396F669-1104-477A-A9E3-4C0A85D87030}.Release|Any CPU.Build.0 = Release|Any CPU
		{B611742C-FD08-4A36-BA0C-E35CCEA146EC}.Debug|Any CPU.ActiveCfg = Debug|Any CPU
		{B611742C-FD08-4A36-BA0C-E35CCEA146EC}.Debug|Any CPU.Build.0 = Debug|Any CPU
		{B611742C-FD08-4A36-BA0C-E35CCEA146EC}.Release|Any CPU.ActiveCfg = Release|Any CPU
		{B611742C-FD08-4A36-BA0C-E35CCEA146EC}.Release|Any CPU.Build.0 = Release|Any CPU
		{AD75FC3D-3288-4BDD-BE0C-20479957C490}.Debug|Any CPU.ActiveCfg = Debug|Any CPU
		{AD75FC3D-3288-4BDD-BE0C-20479957C490}.Debug|Any CPU.Build.0 = Debug|Any CPU
		{AD75FC3D-3288-4BDD-BE0C-20479957C490}.Release|Any CPU.ActiveCfg = Release|Any CPU
		{AD75FC3D-3288-4BDD-BE0C-20479957C490}.Release|Any CPU.Build.0 = Release|Any CPU
		{03C57675-5C92-41BD-A920-2D85CAA53510}.Debug|Any CPU.ActiveCfg = Debug|Any CPU
		{03C57675-5C92-41BD-A920-2D85CAA53510}.Debug|Any CPU.Build.0 = Debug|Any CPU
		{03C57675-5C92-41BD-A920-2D85CAA53510}.Release|Any CPU.ActiveCfg = Release|Any CPU
		{03C57675-5C92-41BD-A920-2D85CAA53510}.Release|Any CPU.Build.0 = Release|Any CPU
		{58ABB688-48A7-4F12-874A-34288F1B27DF}.Debug|Any CPU.ActiveCfg = Debug|Any CPU
		{58ABB688-48A7-4F12-874A-34288F1B27DF}.Debug|Any CPU.Build.0 = Debug|Any CPU
		{58ABB688-48A7-4F12-874A-34288F1B27DF}.Release|Any CPU.ActiveCfg = Release|Any CPU
		{58ABB688-48A7-4F12-874A-34288F1B27DF}.Release|Any CPU.Build.0 = Release|Any CPU
	EndGlobalSection
EndGlobal
